
Microsoft Visual Studio Solution File, Format Version 12.00
# Visual Studio Version 16
VisualStudioVersion = 16.0.30503.244
MinimumVisualStudioVersion = 10.0.40219.1
Project("{9092AA53-FB77-4645-B42D-1CCCA6BD08BD}") = "exercise1", "exercise1.njsproj", "{9EE8B9C0-86D9-4522-8B34-6BFDEA2010CE}"
EndProject
Global
	GlobalSection(SolutionConfigurationPlatforms) = preSolution
		Debug|Any CPU = Debug|Any CPU
		Release|Any CPU = Release|Any CPU
	EndGlobalSection
	GlobalSection(ProjectConfigurationPlatforms) = postSolution
		{9EE8B9C0-86D9-4522-8B34-6BFDEA2010CE}.Debug|Any CPU.ActiveCfg = Debug|Any CPU
		{9EE8B9C0-86D9-4522-8B34-6BFDEA2010CE}.Debug|Any CPU.Build.0 = Debug|Any CPU
		{9EE8B9C0-86D9-4522-8B34-6BFDEA2010CE}.Release|Any CPU.ActiveCfg = Release|Any CPU
		{9EE8B9C0-86D9-4522-8B34-6BFDEA2010CE}.Release|Any CPU.Build.0 = Release|Any CPU
	EndGlobalSection
	GlobalSection(SolutionProperties) = preSolution
		HideSolutionNode = FALSE
	EndGlobalSection
	GlobalSection(ExtensibilityGlobals) = postSolution
		SolutionGuid = {391268CC-A82A-4910-99DA-F4BC33664B2A}
	EndGlobalSection
EndGlobal
